
Microsoft Visual Studio Solution File, Format Version 12.00
Project("{FAE04EC0-301F-11D3-BF4B-00C04F79EFBC}") = "VoterApp.Api", "VoterApp.Api\VoterApp.Api.csproj", "{57718886-BCCE-4AD2-AF7E-9512B31D3A76}"
EndProject
Project("{2150E333-8FDC-42A3-9474-1A3956D46DE8}") = "src", "src", "{123F09C8-076B-4C6F-877E-DE2FD1C8A680}"
EndProject
Project("{2150E333-8FDC-42A3-9474-1A3956D46DE8}") = "tests", "tests", "{8873B179-947C-4CD5-81BF-E789D1201AB5}"
EndProject
Project("{FAE04EC0-301F-11D3-BF4B-00C04F79EFBC}") = "VoterApp.Infrastructure", "VoterApp.Infrastructure\VoterApp.Infrastructure.csproj", "{BCD2B29D-0B58-4A66-A1CB-C7546A8E8BE7}"
EndProject
Project("{FAE04EC0-301F-11D3-BF4B-00C04F79EFBC}") = "VoterApp.Application", "VoterApp.Application\VoterApp.Application.csproj", "{728DD67B-B88A-4956-8890-E22CA0FF5A74}"
EndProject
Project("{FAE04EC0-301F-11D3-BF4B-00C04F79EFBC}") = "VoterApp.Domain", "VoterApp.Domain\VoterApp.Domain.csproj", "{6AA676B5-5580-4763-87D9-004000549394}"
EndProject
Project("{FAE04EC0-301F-11D3-BF4B-00C04F79EFBC}") = "VoterApp.IntegrationTests", "VoterApp.IntegrationTests\VoterApp.IntegrationTests.csproj", "{6461B35B-2B76-4AB5-8B5C-FB0CD5B57DF5}"
EndProject
Project("{FAE04EC0-301F-11D3-BF4B-00C04F79EFBC}") = "VoterApp.UnitTests", "VoterApp.UnitTests\VoterApp.UnitTests.csproj", "{676EF8B4-702D-42C7-9FC8-0A0BDE49C7AA}"
EndProject
Global
	GlobalSection(SolutionConfigurationPlatforms) = preSolution
		Debug|Any CPU = Debug|Any CPU
		Release|Any CPU = Release|Any CPU
	EndGlobalSection
	GlobalSection(ProjectConfigurationPlatforms) = postSolution
		{57718886-BCCE-4AD2-AF7E-9512B31D3A76}.Debug|Any CPU.ActiveCfg = Debug|Any CPU
		{57718886-BCCE-4AD2-AF7E-9512B31D3A76}.Debug|Any CPU.Build.0 = Debug|Any CPU
		{57718886-BCCE-4AD2-AF7E-9512B31D3A76}.Release|Any CPU.ActiveCfg = Release|Any CPU
		{57718886-BCCE-4AD2-AF7E-9512B31D3A76}.Release|Any CPU.Build.0 = Release|Any CPU
		{BCD2B29D-0B58-4A66-A1CB-C7546A8E8BE7}.Debug|Any CPU.ActiveCfg = Debug|Any CPU
		{BCD2B29D-0B58-4A66-A1CB-C7546A8E8BE7}.Debug|Any CPU.Build.0 = Debug|Any CPU
		{BCD2B29D-0B58-4A66-A1CB-C7546A8E8BE7}.Release|Any CPU.ActiveCfg = Release|Any CPU
		{BCD2B29D-0B58-4A66-A1CB-C7546A8E8BE7}.Release|Any CPU.Build.0 = Release|Any CPU
		{728DD67B-B88A-4956-8890-E22CA0FF5A74}.Debug|Any CPU.ActiveCfg = Debug|Any CPU
		{728DD67B-B88A-4956-8890-E22CA0FF5A74}.Debug|Any CPU.Build.0 = Debug|Any CPU
		{728DD67B-B88A-4956-8890-E22CA0FF5A74}.Release|Any CPU.ActiveCfg = Release|Any CPU
		{728DD67B-B88A-4956-8890-E22CA0FF5A74}.Release|Any CPU.Build.0 = Release|Any CPU
		{6AA676B5-5580-4763-87D9-004000549394}.Debug|Any CPU.ActiveCfg = Debug|Any CPU
		{6AA676B5-5580-4763-87D9-004000549394}.Debug|Any CPU.Build.0 = Debug|Any CPU
		{6AA676B5-5580-4763-87D9-004000549394}.Release|Any CPU.ActiveCfg = Release|Any CPU
		{6AA676B5-5580-4763-87D9-004000549394}.Release|Any CPU.Build.0 = Release|Any CPU
		{6461B35B-2B76-4AB5-8B5C-FB0CD5B57DF5}.Debug|Any CPU.ActiveCfg = Debug|Any CPU
		{6461B35B-2B76-4AB5-8B5C-FB0CD5B57DF5}.Debug|Any CPU.Build.0 = Debug|Any CPU
		{6461B35B-2B76-4AB5-8B5C-FB0CD5B57DF5}.Release|Any CPU.ActiveCfg = Release|Any CPU
		{6461B35B-2B76-4AB5-8B5C-FB0CD5B57DF5}.Release|Any CPU.Build.0 = Release|Any CPU
		{676EF8B4-702D-42C7-9FC8-0A0BDE49C7AA}.Debug|Any CPU.ActiveCfg = Debug|Any CPU
		{676EF8B4-702D-42C7-9FC8-0A0BDE49C7AA}.Debug|Any CPU.Build.0 = Debug|Any CPU
		{676EF8B4-702D-42C7-9FC8-0A0BDE49C7AA}.Release|Any CPU.ActiveCfg = Release|Any CPU
		{676EF8B4-702D-42C7-9FC8-0A0BDE49C7AA}.Release|Any CPU.Build.0 = Release|Any CPU
	EndGlobalSection
	GlobalSection(NestedProjects) = preSolution
		{57718886-BCCE-4AD2-AF7E-9512B31D3A76} = {123F09C8-076B-4C6F-877E-DE2FD1C8A680}
		{BCD2B29D-0B58-4A66-A1CB-C7546A8E8BE7} = {123F09C8-076B-4C6F-877E-DE2FD1C8A680}
		{728DD67B-B88A-4956-8890-E22CA0FF5A74} = {123F09C8-076B-4C6F-877E-DE2FD1C8A680}
		{6AA676B5-5580-4763-87D9-004000549394} = {123F09C8-076B-4C6F-877E-DE2FD1C8A680}
		{6461B35B-2B76-4AB5-8B5C-FB0CD5B57DF5} = {8873B179-947C-4CD5-81BF-E789D1201AB5}
		{676EF8B4-702D-42C7-9FC8-0A0BDE49C7AA} = {8873B179-947C-4CD5-81BF-E789D1201AB5}
	EndGlobalSection
EndGlobal
